<?xml version="1.0" encoding="utf-8"?>
<Solution>
  <Properties Name="Configuration">
    <Item Value="Debug|Any CPU" />
    <Item Value="NET20|Any CPU" />
    <Item Value="Release|Any CPU" />
    <Item Value="ReleaseNET40_Only|Any CPU" />
  </Properties>
  <Project Path="Test_ASPNET\Test_ASP.NET.csproj" Type="FAE04EC0-301F-11D3-BF4B-00C04F79EFBC" Guid="0A28DC07-B40C-4E6E-A14B-D5C0AC7E2CEA" />
  <Project Path="Test_WinForm_MySqlData\Test_WinForm_MySqlData.csproj" Type="FAE04EC0-301F-11D3-BF4B-00C04F79EFBC" Guid="0C44B679-BC54-4818-9E77-6BE2C14E680B" />
  <Project Path="MySqlBackup(MySqlConnector)\MySqlBackup(MySqlConnector).csproj" Type="9A19103F-16F7-4668-BE54-9A1E7A4F7556" Guid="280A4426-14CC-4A20-85F7-2F8E863A9977" />
  <Project Path="Test_WinForm_DevartExpress\Test_WinForm_DevartExpress.csproj" Type="FAE04EC0-301F-11D3-BF4B-00C04F79EFBC" Guid="2D5FB34D-2552-444C-9AAE-2D01E6438551" />
  <Project Path="MySqlBackup(Devart-Express)\MySqlBackup(Devart-Express).csproj" Type="9A19103F-16F7-4668-BE54-9A1E7A4F7556" Guid="7A5D4100-D41E-4887-876A-29406BBD3237" />
  <Project Path="MySqlBackup(MySql.Data)\MySqlBackup(MySql.Data).csproj" Type="9A19103F-16F7-4668-BE54-9A1E7A4F7556" Guid="90412615-9EDA-43E4-A704-EE08F5B62C5D" />
  <Project Path="Test_WinForm_MySqlConnector\Test_WinForm_MySqlConnector.csproj" Type="FAE04EC0-301F-11D3-BF4B-00C04F79EFBC" Guid="96B8C5E6-49D0-48BE-A3D6-DA479AC2409D" />
</Solution>