
Microsoft Visual Studio Solution File, Format Version 12.00
# Visual Studio Version 17
VisualStudioVersion = 17.0.31612.314
MinimumVisualStudioVersion = 10.0.40219.1
Project("{FAE04EC0-301F-11D3-BF4B-00C04F79EFBC}") = "Test_ASP.NET", "Test_ASPNET\Test_ASP.NET.csproj", "{0A28DC07-B40C-4E6E-A14B-D5C0AC7E2CEA}"
EndProject
Project("{9A19103F-16F7-4668-BE54-9A1E7A4F7556}") = "MySqlBackup(MySql.Data)", "MySqlBackup(MySql.Data)\MySqlBackup(MySql.Data).csproj", "{90412615-9EDA-43E4-A704-EE08F5B62C5D}"
EndProject
Global
	GlobalSection(SolutionConfigurationPlatforms) = preSolution
		Debug|Any CPU = Debug|Any CPU
		NET20|Any CPU = NET20|Any CPU
		Release|Any CPU = Release|Any CPU
		ReleaseNET40_Only|Any CPU = ReleaseNET40_Only|Any CPU
	EndGlobalSection
	GlobalSection(ProjectConfigurationPlatforms) = postSolution
		{0A28DC07-B40C-4E6E-A14B-D5C0AC7E2CEA}.Debug|Any CPU.ActiveCfg = Debug|Any CPU
		{0A28DC07-B40C-4E6E-A14B-D5C0AC7E2CEA}.Debug|Any CPU.Build.0 = Debug|Any CPU
		{0A28DC07-B40C-4E6E-A14B-D5C0AC7E2CEA}.NET20|Any CPU.ActiveCfg = Release|Any CPU
		{0A28DC07-B40C-4E6E-A14B-D5C0AC7E2CEA}.NET20|Any CPU.Build.0 = Release|Any CPU
		{0A28DC07-B40C-4E6E-A14B-D5C0AC7E2CEA}.Release|Any CPU.ActiveCfg = Release|Any CPU
		{0A28DC07-B40C-4E6E-A14B-D5C0AC7E2CEA}.Release|Any CPU.Build.0 = Release|Any CPU
		{0A28DC07-B40C-4E6E-A14B-D5C0AC7E2CEA}.ReleaseNET40_Only|Any CPU.ActiveCfg = Release|Any CPU
		{0A28DC07-B40C-4E6E-A14B-D5C0AC7E2CEA}.ReleaseNET40_Only|Any CPU.Build.0 = Release|Any CPU
		{90412615-9EDA-43E4-A704-EE08F5B62C5D}.Debug|Any CPU.ActiveCfg = Debug|Any CPU
		{90412615-9EDA-43E4-A704-EE08F5B62C5D}.Debug|Any CPU.Build.0 = Debug|Any CPU
		{90412615-9EDA-43E4-A704-EE08F5B62C5D}.NET20|Any CPU.ActiveCfg = Debug|Any CPU
		{90412615-9EDA-43E4-A704-EE08F5B62C5D}.NET20|Any CPU.Build.0 = Debug|Any CPU
		{90412615-9EDA-43E4-A704-EE08F5B62C5D}.Release|Any CPU.ActiveCfg = Release|Any CPU
		{90412615-9EDA-43E4-A704-EE08F5B62C5D}.Release|Any CPU.Build.0 = Release|Any CPU
		{90412615-9EDA-43E4-A704-EE08F5B62C5D}.ReleaseNET40_Only|Any CPU.ActiveCfg = Release|Any CPU
		{90412615-9EDA-43E4-A704-EE08F5B62C5D}.ReleaseNET40_Only|Any CPU.Build.0 = Release|Any CPU
	EndGlobalSection
	GlobalSection(SolutionProperties) = preSolution
		HideSolutionNode = FALSE
	EndGlobalSection
	GlobalSection(ExtensibilityGlobals) = postSolution
		SolutionGuid = {84B7F404-E06F-43CC-9129-AFD655515B00}
	EndGlobalSection
EndGlobal
